
Microsoft Visual Studio Solution File, Format Version 12.00
# Visual Studio Version 17
VisualStudioVersion = 17.7.34031.279
MinimumVisualStudioVersion = 10.0.40219.1
Project("{9A19103F-16F7-4668-BE54-9A1E7A4F7556}") = "Shared", "Shared\Shared.csproj", "{39F4EDE7-9258-4BC2-9478-F2DFE01E0BE4}"
EndProject
Project("{2150E333-8FDC-42A3-9474-1A3956D46DE8}") = "CreationalPatterns", "CreationalPatterns", "{11096420-F6D9-4F51-BFE6-6FE5A759FFB0}"
EndProject
Project("{2150E333-8FDC-42A3-9474-1A3956D46DE8}") = "Structural", "Structural", "{34F1CE5A-24F8-4520-9DE2-9B5B46260234}"
EndProject
Project("{2150E333-8FDC-42A3-9474-1A3956D46DE8}") = "Behavioral", "Behavioral", "{B5AD0E3F-CFFF-4DF7-B4D5-D5E7FDF1B68A}"
EndProject
Project("{9A19103F-16F7-4668-BE54-9A1E7A4F7556}") = "ChainOfResponsibility", "Behavioral\ChainOfResponsibility\ChainOfResponsibility.csproj", "{63CE44B5-9DE7-4E5E-BF09-DEDF6A55BAE3}"
EndProject
Project("{9A19103F-16F7-4668-BE54-9A1E7A4F7556}") = "Command", "Behavioral\Command\Command.csproj", "{7E1CC619-A35B-44FA-853C-67E6ABFC9293}"
EndProject
Project("{9A19103F-16F7-4668-BE54-9A1E7A4F7556}") = "Interpreter", "Behavioral\Interpreter\Interpreter.csproj", "{C7550B60-5398-443C-9AC7-3AF5C2E9FA89}"
EndProject
Project("{9A19103F-16F7-4668-BE54-9A1E7A4F7556}") = "Iterator", "Behavioral\Iterator\Iterator.csproj", "{7ADF09BB-F328-42A2-90AF-5786763CB450}"
EndProject
Project("{9A19103F-16F7-4668-BE54-9A1E7A4F7556}") = "Mediator", "Behavioral\Mediator\Mediator.csproj", "{3F61A06A-DF7A-4372-8778-28A12CD70533}"
EndProject
Project("{9A19103F-16F7-4668-BE54-9A1E7A4F7556}") = "Memento", "Behavioral\Memento\Memento.csproj", "{97B01918-2638-4854-A201-EF2F65FAD50F}"
EndProject
Project("{9A19103F-16F7-4668-BE54-9A1E7A4F7556}") = "Observer", "Behavioral\Observer\Observer.csproj", "{11060D54-AE32-4FFF-B54A-6ACD9AD8D00F}"
EndProject
Project("{9A19103F-16F7-4668-BE54-9A1E7A4F7556}") = "State", "Behavioral\State\State.csproj", "{FDCB2BA9-D917-47B5-9B24-DD322CE3B810}"
EndProject
Project("{9A19103F-16F7-4668-BE54-9A1E7A4F7556}") = "Builder", "Creational\Builder\Builder.csproj", "{C95ACE18-3DF5-4A01-BE7D-D8AE7831AFCF}"
EndProject
Project("{9A19103F-16F7-4668-BE54-9A1E7A4F7556}") = "FactoryMethod", "Creational\FactoryMethod\FactoryMethod.csproj", "{0B902F48-03E9-40A3-BD92-45C49860931A}"
EndProject
Project("{9A19103F-16F7-4668-BE54-9A1E7A4F7556}") = "Prototype", "Creational\Prototype\Prototype.csproj", "{11054AC6-DB05-4201-9F79-26B435CE5C8B}"
EndProject
Project("{9A19103F-16F7-4668-BE54-9A1E7A4F7556}") = "Singleton", "Creational\Singleton\Singleton.csproj", "{E194B3C7-EB90-44A0-A2C8-CE8C339DE990}"
EndProject
Project("{9A19103F-16F7-4668-BE54-9A1E7A4F7556}") = "AbstractFactory", "Creational\AbstractFactory\AbstractFactory.csproj", "{FCB0EC5B-CEEC-45DD-B473-875853CBD5EF}"
EndProject
Project("{9A19103F-16F7-4668-BE54-9A1E7A4F7556}") = "Adapter", "Structural\Adapter\Adapter.csproj", "{24C3F5D4-EB9E-45B9-BBF5-57C427A38CBC}"
EndProject
Project("{9A19103F-16F7-4668-BE54-9A1E7A4F7556}") = "Bridge", "Structural\Bridge\Bridge.csproj", "{36150D1B-7A6F-4502-9DF0-D4B51D16F0F5}"
EndProject
Project("{9A19103F-16F7-4668-BE54-9A1E7A4F7556}") = "Composite", "Structural\Composite\Composite.csproj", "{D258598E-F6EE-40E2-9614-253ACCD38248}"
EndProject
Project("{9A19103F-16F7-4668-BE54-9A1E7A4F7556}") = "Facade", "Structural\Facade\Facade.csproj", "{2D8B86AB-37B4-43E4-9E2A-DCCC2E755AA6}"
EndProject
Project("{9A19103F-16F7-4668-BE54-9A1E7A4F7556}") = "Decorator", "Structural\Decorator\Decorator.csproj", "{3D625D2F-8E1A-4D51-9DEB-D6DA772BDEFE}"
EndProject
Project("{9A19103F-16F7-4668-BE54-9A1E7A4F7556}") = "Flyweight", "Structural\Flyweight\Flyweight.csproj", "{EBD42F36-C803-4343-BE3A-3ABA2495ADDA}"
EndProject
Project("{9A19103F-16F7-4668-BE54-9A1E7A4F7556}") = "Proxy", "Structural\Proxy\Proxy.csproj", "{C9457927-5809-4F33-B7C3-A9EBECC229CA}"
EndProject
Project("{9A19103F-16F7-4668-BE54-9A1E7A4F7556}") = "TemplateMethod", "Behavioral\TemplateMethod\TemplateMethod.csproj", "{920E589F-742A-49D3-9631-F95AE86BA519}"
EndProject
Project("{9A19103F-16F7-4668-BE54-9A1E7A4F7556}") = "Strategy", "Behavioral\Strategy\Strategy.csproj", "{858C4528-B393-47A8-B751-74F724EB23D4}"
EndProject
Project("{9A19103F-16F7-4668-BE54-9A1E7A4F7556}") = "Visitor", "Behavioral\Visitor\Visitor.csproj", "{33B4EC23-63B2-4908-B71B-2BC472477E8D}"
EndProject
Global
	GlobalSection(SolutionConfigurationPlatforms) = preSolution
		Debug|Any CPU = Debug|Any CPU
		Release|Any CPU = Release|Any CPU
	EndGlobalSection
	GlobalSection(ProjectConfigurationPlatforms) = postSolution
		{39F4EDE7-9258-4BC2-9478-F2DFE01E0BE4}.Debug|Any CPU.ActiveCfg = Debug|Any CPU
		{39F4EDE7-9258-4BC2-9478-F2DFE01E0BE4}.Debug|Any CPU.Build.0 = Debug|Any CPU
		{39F4EDE7-9258-4BC2-9478-F2DFE01E0BE4}.Release|Any CPU.ActiveCfg = Release|Any CPU
		{39F4EDE7-9258-4BC2-9478-F2DFE01E0BE4}.Release|Any CPU.Build.0 = Release|Any CPU
		{63CE44B5-9DE7-4E5E-BF09-DEDF6A55BAE3}.Debug|Any CPU.ActiveCfg = Debug|Any CPU
		{63CE44B5-9DE7-4E5E-BF09-DEDF6A55BAE3}.Debug|Any CPU.Build.0 = Debug|Any CPU
		{63CE44B5-9DE7-4E5E-BF09-DEDF6A55BAE3}.Release|Any CPU.ActiveCfg = Release|Any CPU
		{63CE44B5-9DE7-4E5E-BF09-DEDF6A55BAE3}.Release|Any CPU.Build.0 = Release|Any CPU
		{7E1CC619-A35B-44FA-853C-67E6ABFC9293}.Debug|Any CPU.ActiveCfg = Debug|Any CPU
		{7E1CC619-A35B-44FA-853C-67E6ABFC9293}.Debug|Any CPU.Build.0 = Debug|Any CPU
		{7E1CC619-A35B-44FA-853C-67E6ABFC9293}.Release|Any CPU.ActiveCfg = Release|Any CPU
		{7E1CC619-A35B-44FA-853C-67E6ABFC9293}.Release|Any CPU.Build.0 = Release|Any CPU
		{C7550B60-5398-443C-9AC7-3AF5C2E9FA89}.Debug|Any CPU.ActiveCfg = Debug|Any CPU
		{C7550B60-5398-443C-9AC7-3AF5C2E9FA89}.Debug|Any CPU.Build.0 = Debug|Any CPU
		{C7550B60-5398-443C-9AC7-3AF5C2E9FA89}.Release|Any CPU.ActiveCfg = Release|Any CPU
		{C7550B60-5398-443C-9AC7-3AF5C2E9FA89}.Release|Any CPU.Build.0 = Release|Any CPU
		{7ADF09BB-F328-42A2-90AF-5786763CB450}.Debug|Any CPU.ActiveCfg = Debug|Any CPU
		{7ADF09BB-F328-42A2-90AF-5786763CB450}.Debug|Any CPU.Build.0 = Debug|Any CPU
		{7ADF09BB-F328-42A2-90AF-5786763CB450}.Release|Any CPU.ActiveCfg = Release|Any CPU
		{7ADF09BB-F328-42A2-90AF-5786763CB450}.Release|Any CPU.Build.0 = Release|Any CPU
		{3F61A06A-DF7A-4372-8778-28A12CD70533}.Debug|Any CPU.ActiveCfg = Debug|Any CPU
		{3F61A06A-DF7A-4372-8778-28A12CD70533}.Debug|Any CPU.Build.0 = Debug|Any CPU
		{3F61A06A-DF7A-4372-8778-28A12CD70533}.Release|Any CPU.ActiveCfg = Release|Any CPU
		{3F61A06A-DF7A-4372-8778-28A12CD70533}.Release|Any CPU.Build.0 = Release|Any CPU
		{97B01918-2638-4854-A201-EF2F65FAD50F}.Debug|Any CPU.ActiveCfg = Debug|Any CPU
		{97B01918-2638-4854-A201-EF2F65FAD50F}.Debug|Any CPU.Build.0 = Debug|Any CPU
		{97B01918-2638-4854-A201-EF2F65FAD50F}.Release|Any CPU.ActiveCfg = Release|Any CPU
		{97B01918-2638-4854-A201-EF2F65FAD50F}.Release|Any CPU.Build.0 = Release|Any CPU
		{11060D54-AE32-4FFF-B54A-6ACD9AD8D00F}.Debug|Any CPU.ActiveCfg = Debug|Any CPU
		{11060D54-AE32-4FFF-B54A-6ACD9AD8D00F}.Debug|Any CPU.Build.0 = Debug|Any CPU
		{11060D54-AE32-4FFF-B54A-6ACD9AD8D00F}.Release|Any CPU.ActiveCfg = Release|Any CPU
		{11060D54-AE32-4FFF-B54A-6ACD9AD8D00F}.Release|Any CPU.Build.0 = Release|Any CPU
		{FDCB2BA9-D917-47B5-9B24-DD322CE3B810}.Debug|Any CPU.ActiveCfg = Debug|Any CPU
		{FDCB2BA9-D917-47B5-9B24-DD322CE3B810}.Debug|Any CPU.Build.0 = Debug|Any CPU
		{FDCB2BA9-D917-47B5-9B24-DD322CE3B810}.Release|Any CPU.ActiveCfg = Release|Any CPU
		{FDCB2BA9-D917-47B5-9B24-DD322CE3B810}.Release|Any CPU.Build.0 = Release|Any CPU
		{C95ACE18-3DF5-4A01-BE7D-D8AE7831AFCF}.Debug|Any CPU.ActiveCfg = Debug|Any CPU
		{C95ACE18-3DF5-4A01-BE7D-D8AE7831AFCF}.Debug|Any CPU.Build.0 = Debug|Any CPU
		{C95ACE18-3DF5-4A01-BE7D-D8AE7831AFCF}.Release|Any CPU.ActiveCfg = Release|Any CPU
		{C95ACE18-3DF5-4A01-BE7D-D8AE7831AFCF}.Release|Any CPU.Build.0 = Release|Any CPU
		{0B902F48-03E9-40A3-BD92-45C49860931A}.Debug|Any CPU.ActiveCfg = Debug|Any CPU
		{0B902F48-03E9-40A3-BD92-45C49860931A}.Debug|Any CPU.Build.0 = Debug|Any CPU
		{0B902F48-03E9-40A3-BD92-45C49860931A}.Release|Any CPU.ActiveCfg = Release|Any CPU
		{0B902F48-03E9-40A3-BD92-45C49860931A}.Release|Any CPU.Build.0 = Release|Any CPU
		{11054AC6-DB05-4201-9F79-26B435CE5C8B}.Debug|Any CPU.ActiveCfg = Debug|Any CPU
		{11054AC6-DB05-4201-9F79-26B435CE5C8B}.Debug|Any CPU.Build.0 = Debug|Any CPU
		{11054AC6-DB05-4201-9F79-26B435CE5C8B}.Release|Any CPU.ActiveCfg = Release|Any CPU
		{11054AC6-DB05-4201-9F79-26B435CE5C8B}.Release|Any CPU.Build.0 = Release|Any CPU
		{E194B3C7-EB90-44A0-A2C8-CE8C339DE990}.Debug|Any CPU.ActiveCfg = Debug|Any CPU
		{E194B3C7-EB90-44A0-A2C8-CE8C339DE990}.Debug|Any CPU.Build.0 = Debug|Any CPU
		{E194B3C7-EB90-44A0-A2C8-CE8C339DE990}.Release|Any CPU.ActiveCfg = Release|Any CPU
		{E194B3C7-EB90-44A0-A2C8-CE8C339DE990}.Release|Any CPU.Build.0 = Release|Any CPU
		{FCB0EC5B-CEEC-45DD-B473-875853CBD5EF}.Debug|Any CPU.ActiveCfg = Debug|Any CPU
		{FCB0EC5B-CEEC-45DD-B473-875853CBD5EF}.Debug|Any CPU.Build.0 = Debug|Any CPU
		{FCB0EC5B-CEEC-45DD-B473-875853CBD5EF}.Release|Any CPU.ActiveCfg = Release|Any CPU
		{FCB0EC5B-CEEC-45DD-B473-875853CBD5EF}.Release|Any CPU.Build.0 = Release|Any CPU
		{24C3F5D4-EB9E-45B9-BBF5-57C427A38CBC}.Debug|Any CPU.ActiveCfg = Debug|Any CPU
		{24C3F5D4-EB9E-45B9-BBF5-57C427A38CBC}.Debug|Any CPU.Build.0 = Debug|Any CPU
		{24C3F5D4-EB9E-45B9-BBF5-57C427A38CBC}.Release|Any CPU.ActiveCfg = Release|Any CPU
		{24C3F5D4-EB9E-45B9-BBF5-57C427A38CBC}.Release|Any CPU.Build.0 = Release|Any CPU
		{36150D1B-7A6F-4502-9DF0-D4B51D16F0F5}.Debug|Any CPU.ActiveCfg = Debug|Any CPU
		{36150D1B-7A6F-4502-9DF0-D4B51D16F0F5}.Debug|Any CPU.Build.0 = Debug|Any CPU
		{36150D1B-7A6F-4502-9DF0-D4B51D16F0F5}.Release|Any CPU.ActiveCfg = Release|Any CPU
		{36150D1B-7A6F-4502-9DF0-D4B51D16F0F5}.Release|Any CPU.Build.0 = Release|Any CPU
		{D258598E-F6EE-40E2-9614-253ACCD38248}.Debug|Any CPU.ActiveCfg = Debug|Any CPU
		{D258598E-F6EE-40E2-9614-253ACCD38248}.Debug|Any CPU.Build.0 = Debug|Any CPU
		{D258598E-F6EE-40E2-9614-253ACCD38248}.Release|Any CPU.ActiveCfg = Release|Any CPU
		{D258598E-F6EE-40E2-9614-253ACCD38248}.Release|Any CPU.Build.0 = Release|Any CPU
		{2D8B86AB-37B4-43E4-9E2A-DCCC2E755AA6}.Debug|Any CPU.ActiveCfg = Debug|Any CPU
		{2D8B86AB-37B4-43E4-9E2A-DCCC2E755AA6}.Debug|Any CPU.Build.0 = Debug|Any CPU
		{2D8B86AB-37B4-43E4-9E2A-DCCC2E755AA6}.Release|Any CPU.ActiveCfg = Release|Any CPU
		{2D8B86AB-37B4-43E4-9E2A-DCCC2E755AA6}.Release|Any CPU.Build.0 = Release|Any CPU
		{3D625D2F-8E1A-4D51-9DEB-D6DA772BDEFE}.Debug|Any CPU.ActiveCfg = Debug|Any CPU
		{3D625D2F-8E1A-4D51-9DEB-D6DA772BDEFE}.Debug|Any CPU.Build.0 = Debug|Any CPU
		{3D625D2F-8E1A-4D51-9DEB-D6DA772BDEFE}.Release|Any CPU.ActiveCfg = Release|Any CPU
		{3D625D2F-8E1A-4D51-9DEB-D6DA772BDEFE}.Release|Any CPU.Build.0 = Release|Any CPU
		{EBD42F36-C803-4343-BE3A-3ABA2495ADDA}.Debug|Any CPU.ActiveCfg = Debug|Any CPU
		{EBD42F36-C803-4343-BE3A-3ABA2495ADDA}.Debug|Any CPU.Build.0 = Debug|Any CPU
		{EBD42F36-C803-4343-BE3A-3ABA2495ADDA}.Release|Any CPU.ActiveCfg = Release|Any CPU
		{EBD42F36-C803-4343-BE3A-3ABA2495ADDA}.Release|Any CPU.Build.0 = Release|Any CPU
		{C9457927-5809-4F33-B7C3-A9EBECC229CA}.Debug|Any CPU.ActiveCfg = Debug|Any CPU
		{C9457927-5809-4F33-B7C3-A9EBECC229CA}.Debug|Any CPU.Build.0 = Debug|Any CPU
		{C9457927-5809-4F33-B7C3-A9EBECC229CA}.Release|Any CPU.ActiveCfg = Release|Any CPU
		{C9457927-5809-4F33-B7C3-A9EBECC229CA}.Release|Any CPU.Build.0 = Release|Any CPU
		{920E589F-742A-49D3-9631-F95AE86BA519}.Debug|Any CPU.ActiveCfg = Debug|Any CPU
		{920E589F-742A-49D3-9631-F95AE86BA519}.Debug|Any CPU.Build.0 = Debug|Any CPU
		{920E589F-742A-49D3-9631-F95AE86BA519}.Release|Any CPU.ActiveCfg = Release|Any CPU
		{920E589F-742A-49D3-9631-F95AE86BA519}.Release|Any CPU.Build.0 = Release|Any CPU
		{858C4528-B393-47A8-B751-74F724EB23D4}.Debug|Any CPU.ActiveCfg = Debug|Any CPU
		{858C4528-B393-47A8-B751-74F724EB23D4}.Debug|Any CPU.Build.0 = Debug|Any CPU
		{858C4528-B393-47A8-B751-74F724EB23D4}.Release|Any CPU.ActiveCfg = Release|Any CPU
		{858C4528-B393-47A8-B751-74F724EB23D4}.Release|Any CPU.Build.0 = Release|Any CPU
		{33B4EC23-63B2-4908-B71B-2BC472477E8D}.Debug|Any CPU.ActiveCfg = Debug|Any CPU
		{33B4EC23-63B2-4908-B71B-2BC472477E8D}.Debug|Any CPU.Build.0 = Debug|Any CPU
		{33B4EC23-63B2-4908-B71B-2BC472477E8D}.Release|Any CPU.ActiveCfg = Release|Any CPU
		{33B4EC23-63B2-4908-B71B-2BC472477E8D}.Release|Any CPU.Build.0 = Release|Any CPU
	EndGlobalSection
	GlobalSection(SolutionProperties) = preSolution
		HideSolutionNode = FALSE
	EndGlobalSection
	GlobalSection(NestedProjects) = preSolution
		{63CE44B5-9DE7-4E5E-BF09-DEDF6A55BAE3} = {B5AD0E3F-CFFF-4DF7-B4D5-D5E7FDF1B68A}
		{7E1CC619-A35B-44FA-853C-67E6ABFC9293} = {B5AD0E3F-CFFF-4DF7-B4D5-D5E7FDF1B68A}
		{C7550B60-5398-443C-9AC7-3AF5C2E9FA89} = {B5AD0E3F-CFFF-4DF7-B4D5-D5E7FDF1B68A}
		{7ADF09BB-F328-42A2-90AF-5786763CB450} = {B5AD0E3F-CFFF-4DF7-B4D5-D5E7FDF1B68A}
		{3F61A06A-DF7A-4372-8778-28A12CD70533} = {B5AD0E3F-CFFF-4DF7-B4D5-D5E7FDF1B68A}
		{97B01918-2638-4854-A201-EF2F65FAD50F} = {B5AD0E3F-CFFF-4DF7-B4D5-D5E7FDF1B68A}
		{11060D54-AE32-4FFF-B54A-6ACD9AD8D00F} = {B5AD0E3F-CFFF-4DF7-B4D5-D5E7FDF1B68A}
		{FDCB2BA9-D917-47B5-9B24-DD322CE3B810} = {B5AD0E3F-CFFF-4DF7-B4D5-D5E7FDF1B68A}
		{C95ACE18-3DF5-4A01-BE7D-D8AE7831AFCF} = {11096420-F6D9-4F51-BFE6-6FE5A759FFB0}
		{0B902F48-03E9-40A3-BD92-45C49860931A} = {11096420-F6D9-4F51-BFE6-6FE5A759FFB0}
		{11054AC6-DB05-4201-9F79-26B435CE5C8B} = {11096420-F6D9-4F51-BFE6-6FE5A759FFB0}
		{E194B3C7-EB90-44A0-A2C8-CE8C339DE990} = {11096420-F6D9-4F51-BFE6-6FE5A759FFB0}
		{FCB0EC5B-CEEC-45DD-B473-875853CBD5EF} = {11096420-F6D9-4F51-BFE6-6FE5A759FFB0}
		{24C3F5D4-EB9E-45B9-BBF5-57C427A38CBC} = {34F1CE5A-24F8-4520-9DE2-9B5B46260234}
		{36150D1B-7A6F-4502-9DF0-D4B51D16F0F5} = {34F1CE5A-24F8-4520-9DE2-9B5B46260234}
		{D258598E-F6EE-40E2-9614-253ACCD38248} = {34F1CE5A-24F8-4520-9DE2-9B5B46260234}
		{2D8B86AB-37B4-43E4-9E2A-DCCC2E755AA6} = {34F1CE5A-24F8-4520-9DE2-9B5B46260234}
		{3D625D2F-8E1A-4D51-9DEB-D6DA772BDEFE} = {34F1CE5A-24F8-4520-9DE2-9B5B46260234}
		{EBD42F36-C803-4343-BE3A-3ABA2495ADDA} = {34F1CE5A-24F8-4520-9DE2-9B5B46260234}
		{C9457927-5809-4F33-B7C3-A9EBECC229CA} = {34F1CE5A-24F8-4520-9DE2-9B5B46260234}
		{920E589F-742A-49D3-9631-F95AE86BA519} = {B5AD0E3F-CFFF-4DF7-B4D5-D5E7FDF1B68A}
		{858C4528-B393-47A8-B751-74F724EB23D4} = {B5AD0E3F-CFFF-4DF7-B4D5-D5E7FDF1B68A}
		{33B4EC23-63B2-4908-B71B-2BC472477E8D} = {B5AD0E3F-CFFF-4DF7-B4D5-D5E7FDF1B68A}
	EndGlobalSection
	GlobalSection(ExtensibilityGlobals) = postSolution
		SolutionGuid = {BAFADCA4-FECC-417F-9CA2-8572F9B9C3C2}
	EndGlobalSection
EndGlobal
