
Microsoft Visual Studio Solution File, Format Version 12.00
Project("{FAE04EC0-301F-11D3-BF4B-00C04F79EFBC}") = "FactoryMethod", "FactoryMethod\FactoryMethod.csproj", "{F63B46F8-C69D-4C2E-ABE3-68C6360AD1A8}"
EndProject
EndProject
Project("{FAE04EC0-301F-11D3-BF4B-00C04F79EFBC}") = "Builder", "Builder\Builder.csproj", "{1468ADF5-175D-452B-9FA1-9A5F659E9E05}"
EndProject
Project("{9A19103F-16F7-4668-BE54-9A1E7A4F7556}") = "AbstractFactory", "AbstractFactory\AbstractFactory.csproj", "{A965C126-8EC3-4C6F-B86B-638DF193DC07}"
EndProject
Project("{9A19103F-16F7-4668-BE54-9A1E7A4F7556}") = "Singleton", "Singleton\Singleton.csproj", "{1AEF5387-D329-421C-AB77-1D9A8205F91A}"
EndProject
Project("{9A19103F-16F7-4668-BE54-9A1E7A4F7556}") = "Shared", "Shared\Shared.csproj", "{39F4EDE7-9258-4BC2-9478-F2DFE01E0BE4}"
EndProject
Project("{FAE04EC0-301F-11D3-BF4B-00C04F79EFBC}") = "Prototype", "Prototype\Prototype.csproj", "{DF860144-7DB9-4A18-9065-AD27058A3276}"
EndProject
Project("{2150E333-8FDC-42A3-9474-1A3956D46DE8}") = "CreationalPatterns", "CreationalPatterns", "{11096420-F6D9-4F51-BFE6-6FE5A759FFB0}"
EndProject
Project("{2150E333-8FDC-42A3-9474-1A3956D46DE8}") = "Structural", "Structural", "{34F1CE5A-24F8-4520-9DE2-9B5B46260234}"
EndProject
Project("{FAE04EC0-301F-11D3-BF4B-00C04F79EFBC}") = "Adapter", "Adapter\Adapter.csproj", "{5766AF68-4ECA-482B-9C22-97245539D38D}"
EndProject
Project("{FAE04EC0-301F-11D3-BF4B-00C04F79EFBC}") = "Bridge", "Bridge\Bridge.csproj", "{DB281A9C-3C52-4F8F-B2B2-0397998D6BB2}"
EndProject
Project("{FAE04EC0-301F-11D3-BF4B-00C04F79EFBC}") = "Composite", "Composite\Composite.csproj", "{798BC995-952F-4FFB-BE33-6A9E881813AD}"
EndProject
Project("{FAE04EC0-301F-11D3-BF4B-00C04F79EFBC}") = "Decorator", "Decorator\Decorator.csproj", "{731163E1-4FDA-4ED1-9A77-867D69F1754E}"
EndProject
Project("{FAE04EC0-301F-11D3-BF4B-00C04F79EFBC}") = "Facade", "Facade\Facade.csproj", "{6545D485-E953-40CA-8D49-1A5DFB62AD5C}"
EndProject
Project("{2150E333-8FDC-42A3-9474-1A3956D46DE8}") = "Behavioral", "Behavioral", "{B5AD0E3F-CFFF-4DF7-B4D5-D5E7FDF1B68A}"
EndProject
Project("{FAE04EC0-301F-11D3-BF4B-00C04F79EFBC}") = "Flyweight", "Flyweight\Flyweight.csproj", "{BDFA8032-92D0-4795-BCDC-7FF8DA40863A}"
EndProject
Project("{FAE04EC0-301F-11D3-BF4B-00C04F79EFBC}") = "Proxy", "Proxy\Proxy.csproj", "{ACED4E0F-E296-49EB-9FDF-43CBAED2EE08}"
EndProject
Project("{FAE04EC0-301F-11D3-BF4B-00C04F79EFBC}") = "ChainOfResponsibility", "ChainOfResponsibility\ChainOfResponsibility.csproj", "{F860D118-D17F-42DF-9C8A-5057D63D42D0}"
EndProject
Project("{FAE04EC0-301F-11D3-BF4B-00C04F79EFBC}") = "Command", "Command\Command.csproj", "{AF75AFCF-C434-4048-9086-EB80D55829C1}"
EndProject
Project("{FAE04EC0-301F-11D3-BF4B-00C04F79EFBC}") = "Interpreter", "Interpreter\Interpreter.csproj", "{E57F88E9-C8C2-44EF-B654-A7DC4608FC13}"
EndProject
Project("{FAE04EC0-301F-11D3-BF4B-00C04F79EFBC}") = "Iterator", "Iterator\Iterator.csproj", "{3337F5F6-C293-4947-A72C-A27EF3422B6F}"
EndProject
Project("{FAE04EC0-301F-11D3-BF4B-00C04F79EFBC}") = "Mediator", "Mediator\Mediator.csproj", "{55597458-AA6C-4D28-A5A9-84819C7DE143}"
EndProject
Project("{FAE04EC0-301F-11D3-BF4B-00C04F79EFBC}") = "Memento", "Memento\Memento.csproj", "{C478BF55-2066-4FE0-B167-893CCE8BE391}"
EndProject
Project("{FAE04EC0-301F-11D3-BF4B-00C04F79EFBC}") = "Observer", "Observer\Observer.csproj", "{86A2B3FE-B91D-4197-8E40-A830FE0B3879}"
EndProject
Project("{FAE04EC0-301F-11D3-BF4B-00C04F79EFBC}") = "State", "State\State.csproj", "{AE581F89-9758-48DC-B02B-8AE8B075883C}"
EndProject
Project("{FAE04EC0-301F-11D3-BF4B-00C04F79EFBC}") = "Strategy", "Strategy\Strategy.csproj", "{6ED3E002-B0E8-4957-8BEA-09B62629E7A9}"
EndProject
Project("{FAE04EC0-301F-11D3-BF4B-00C04F79EFBC}") = "TemplateMethod", "TemplateMethod\TemplateMethod.csproj", "{320197F7-031C-493A-9562-699706A07234}"
EndProject
Project("{FAE04EC0-301F-11D3-BF4B-00C04F79EFBC}") = "Visitor", "Visitor\Visitor.csproj", "{C2AEC6C2-9185-4EAB-A218-42A1D24670A9}"
EndProject
Global
	GlobalSection(SolutionConfigurationPlatforms) = preSolution
		Debug|Any CPU = Debug|Any CPU
		Release|Any CPU = Release|Any CPU
	EndGlobalSection
	GlobalSection(ProjectConfigurationPlatforms) = postSolution
		{F63B46F8-C69D-4C2E-ABE3-68C6360AD1A8}.Debug|Any CPU.ActiveCfg = Debug|Any CPU
		{F63B46F8-C69D-4C2E-ABE3-68C6360AD1A8}.Debug|Any CPU.Build.0 = Debug|Any CPU
		{F63B46F8-C69D-4C2E-ABE3-68C6360AD1A8}.Release|Any CPU.ActiveCfg = Release|Any CPU
		{F63B46F8-C69D-4C2E-ABE3-68C6360AD1A8}.Release|Any CPU.Build.0 = Release|Any CPU
		{B03D514D-B290-4B1A-8151-FC39C2B44472}.Debug|Any CPU.ActiveCfg = Debug|Any CPU
		{B03D514D-B290-4B1A-8151-FC39C2B44472}.Debug|Any CPU.Build.0 = Debug|Any CPU
		{B03D514D-B290-4B1A-8151-FC39C2B44472}.Release|Any CPU.ActiveCfg = Release|Any CPU
		{B03D514D-B290-4B1A-8151-FC39C2B44472}.Release|Any CPU.Build.0 = Release|Any CPU
		{A965C126-8EC3-4C6F-B86B-638DF193DC07}.Debug|Any CPU.ActiveCfg = Debug|Any CPU
		{A965C126-8EC3-4C6F-B86B-638DF193DC07}.Debug|Any CPU.Build.0 = Debug|Any CPU
		{A965C126-8EC3-4C6F-B86B-638DF193DC07}.Release|Any CPU.ActiveCfg = Release|Any CPU
		{A965C126-8EC3-4C6F-B86B-638DF193DC07}.Release|Any CPU.Build.0 = Release|Any CPU
		{39F4EDE7-9258-4BC2-9478-F2DFE01E0BE4}.Debug|Any CPU.ActiveCfg = Debug|Any CPU
		{39F4EDE7-9258-4BC2-9478-F2DFE01E0BE4}.Debug|Any CPU.Build.0 = Debug|Any CPU
		{39F4EDE7-9258-4BC2-9478-F2DFE01E0BE4}.Release|Any CPU.ActiveCfg = Release|Any CPU
		{39F4EDE7-9258-4BC2-9478-F2DFE01E0BE4}.Release|Any CPU.Build.0 = Release|Any CPU
		{1468ADF5-175D-452B-9FA1-9A5F659E9E05}.Debug|Any CPU.ActiveCfg = Debug|Any CPU
		{1468ADF5-175D-452B-9FA1-9A5F659E9E05}.Debug|Any CPU.Build.0 = Debug|Any CPU
		{1468ADF5-175D-452B-9FA1-9A5F659E9E05}.Release|Any CPU.ActiveCfg = Release|Any CPU
		{1468ADF5-175D-452B-9FA1-9A5F659E9E05}.Release|Any CPU.Build.0 = Release|Any CPU
		{1AEF5387-D329-421C-AB77-1D9A8205F91A}.Debug|Any CPU.ActiveCfg = Debug|Any CPU
		{1AEF5387-D329-421C-AB77-1D9A8205F91A}.Debug|Any CPU.Build.0 = Debug|Any CPU
		{1AEF5387-D329-421C-AB77-1D9A8205F91A}.Release|Any CPU.ActiveCfg = Release|Any CPU
		{1AEF5387-D329-421C-AB77-1D9A8205F91A}.Release|Any CPU.Build.0 = Release|Any CPU
		{DF860144-7DB9-4A18-9065-AD27058A3276}.Debug|Any CPU.ActiveCfg = Debug|Any CPU
		{DF860144-7DB9-4A18-9065-AD27058A3276}.Debug|Any CPU.Build.0 = Debug|Any CPU
		{DF860144-7DB9-4A18-9065-AD27058A3276}.Release|Any CPU.ActiveCfg = Release|Any CPU
		{DF860144-7DB9-4A18-9065-AD27058A3276}.Release|Any CPU.Build.0 = Release|Any CPU
		{5766AF68-4ECA-482B-9C22-97245539D38D}.Debug|Any CPU.ActiveCfg = Debug|Any CPU
		{5766AF68-4ECA-482B-9C22-97245539D38D}.Debug|Any CPU.Build.0 = Debug|Any CPU
		{5766AF68-4ECA-482B-9C22-97245539D38D}.Release|Any CPU.ActiveCfg = Release|Any CPU
		{5766AF68-4ECA-482B-9C22-97245539D38D}.Release|Any CPU.Build.0 = Release|Any CPU
		{DB281A9C-3C52-4F8F-B2B2-0397998D6BB2}.Debug|Any CPU.ActiveCfg = Debug|Any CPU
		{DB281A9C-3C52-4F8F-B2B2-0397998D6BB2}.Debug|Any CPU.Build.0 = Debug|Any CPU
		{DB281A9C-3C52-4F8F-B2B2-0397998D6BB2}.Release|Any CPU.ActiveCfg = Release|Any CPU
		{DB281A9C-3C52-4F8F-B2B2-0397998D6BB2}.Release|Any CPU.Build.0 = Release|Any CPU
		{798BC995-952F-4FFB-BE33-6A9E881813AD}.Debug|Any CPU.ActiveCfg = Debug|Any CPU
		{798BC995-952F-4FFB-BE33-6A9E881813AD}.Debug|Any CPU.Build.0 = Debug|Any CPU
		{798BC995-952F-4FFB-BE33-6A9E881813AD}.Release|Any CPU.ActiveCfg = Release|Any CPU
		{798BC995-952F-4FFB-BE33-6A9E881813AD}.Release|Any CPU.Build.0 = Release|Any CPU
		{731163E1-4FDA-4ED1-9A77-867D69F1754E}.Debug|Any CPU.ActiveCfg = Debug|Any CPU
		{731163E1-4FDA-4ED1-9A77-867D69F1754E}.Debug|Any CPU.Build.0 = Debug|Any CPU
		{731163E1-4FDA-4ED1-9A77-867D69F1754E}.Release|Any CPU.ActiveCfg = Release|Any CPU
		{731163E1-4FDA-4ED1-9A77-867D69F1754E}.Release|Any CPU.Build.0 = Release|Any CPU
		{6545D485-E953-40CA-8D49-1A5DFB62AD5C}.Debug|Any CPU.ActiveCfg = Debug|Any CPU
		{6545D485-E953-40CA-8D49-1A5DFB62AD5C}.Debug|Any CPU.Build.0 = Debug|Any CPU
		{6545D485-E953-40CA-8D49-1A5DFB62AD5C}.Release|Any CPU.ActiveCfg = Release|Any CPU
		{6545D485-E953-40CA-8D49-1A5DFB62AD5C}.Release|Any CPU.Build.0 = Release|Any CPU
		{BDFA8032-92D0-4795-BCDC-7FF8DA40863A}.Debug|Any CPU.ActiveCfg = Debug|Any CPU
		{BDFA8032-92D0-4795-BCDC-7FF8DA40863A}.Debug|Any CPU.Build.0 = Debug|Any CPU
		{BDFA8032-92D0-4795-BCDC-7FF8DA40863A}.Release|Any CPU.ActiveCfg = Release|Any CPU
		{BDFA8032-92D0-4795-BCDC-7FF8DA40863A}.Release|Any CPU.Build.0 = Release|Any CPU
		{ACED4E0F-E296-49EB-9FDF-43CBAED2EE08}.Debug|Any CPU.ActiveCfg = Debug|Any CPU
		{ACED4E0F-E296-49EB-9FDF-43CBAED2EE08}.Debug|Any CPU.Build.0 = Debug|Any CPU
		{ACED4E0F-E296-49EB-9FDF-43CBAED2EE08}.Release|Any CPU.ActiveCfg = Release|Any CPU
		{ACED4E0F-E296-49EB-9FDF-43CBAED2EE08}.Release|Any CPU.Build.0 = Release|Any CPU
		{F860D118-D17F-42DF-9C8A-5057D63D42D0}.Debug|Any CPU.ActiveCfg = Debug|Any CPU
		{F860D118-D17F-42DF-9C8A-5057D63D42D0}.Debug|Any CPU.Build.0 = Debug|Any CPU
		{F860D118-D17F-42DF-9C8A-5057D63D42D0}.Release|Any CPU.ActiveCfg = Release|Any CPU
		{F860D118-D17F-42DF-9C8A-5057D63D42D0}.Release|Any CPU.Build.0 = Release|Any CPU
		{AF75AFCF-C434-4048-9086-EB80D55829C1}.Debug|Any CPU.ActiveCfg = Debug|Any CPU
		{AF75AFCF-C434-4048-9086-EB80D55829C1}.Debug|Any CPU.Build.0 = Debug|Any CPU
		{AF75AFCF-C434-4048-9086-EB80D55829C1}.Release|Any CPU.ActiveCfg = Release|Any CPU
		{AF75AFCF-C434-4048-9086-EB80D55829C1}.Release|Any CPU.Build.0 = Release|Any CPU
		{E57F88E9-C8C2-44EF-B654-A7DC4608FC13}.Debug|Any CPU.ActiveCfg = Debug|Any CPU
		{E57F88E9-C8C2-44EF-B654-A7DC4608FC13}.Debug|Any CPU.Build.0 = Debug|Any CPU
		{E57F88E9-C8C2-44EF-B654-A7DC4608FC13}.Release|Any CPU.ActiveCfg = Release|Any CPU
		{E57F88E9-C8C2-44EF-B654-A7DC4608FC13}.Release|Any CPU.Build.0 = Release|Any CPU
		{3337F5F6-C293-4947-A72C-A27EF3422B6F}.Debug|Any CPU.ActiveCfg = Debug|Any CPU
		{3337F5F6-C293-4947-A72C-A27EF3422B6F}.Debug|Any CPU.Build.0 = Debug|Any CPU
		{3337F5F6-C293-4947-A72C-A27EF3422B6F}.Release|Any CPU.ActiveCfg = Release|Any CPU
		{3337F5F6-C293-4947-A72C-A27EF3422B6F}.Release|Any CPU.Build.0 = Release|Any CPU
		{55597458-AA6C-4D28-A5A9-84819C7DE143}.Debug|Any CPU.ActiveCfg = Debug|Any CPU
		{55597458-AA6C-4D28-A5A9-84819C7DE143}.Debug|Any CPU.Build.0 = Debug|Any CPU
		{55597458-AA6C-4D28-A5A9-84819C7DE143}.Release|Any CPU.ActiveCfg = Release|Any CPU
		{55597458-AA6C-4D28-A5A9-84819C7DE143}.Release|Any CPU.Build.0 = Release|Any CPU
		{C478BF55-2066-4FE0-B167-893CCE8BE391}.Debug|Any CPU.ActiveCfg = Debug|Any CPU
		{C478BF55-2066-4FE0-B167-893CCE8BE391}.Debug|Any CPU.Build.0 = Debug|Any CPU
		{C478BF55-2066-4FE0-B167-893CCE8BE391}.Release|Any CPU.ActiveCfg = Release|Any CPU
		{C478BF55-2066-4FE0-B167-893CCE8BE391}.Release|Any CPU.Build.0 = Release|Any CPU
		{86A2B3FE-B91D-4197-8E40-A830FE0B3879}.Debug|Any CPU.ActiveCfg = Debug|Any CPU
		{86A2B3FE-B91D-4197-8E40-A830FE0B3879}.Debug|Any CPU.Build.0 = Debug|Any CPU
		{86A2B3FE-B91D-4197-8E40-A830FE0B3879}.Release|Any CPU.ActiveCfg = Release|Any CPU
		{86A2B3FE-B91D-4197-8E40-A830FE0B3879}.Release|Any CPU.Build.0 = Release|Any CPU
		{AE581F89-9758-48DC-B02B-8AE8B075883C}.Debug|Any CPU.ActiveCfg = Debug|Any CPU
		{AE581F89-9758-48DC-B02B-8AE8B075883C}.Debug|Any CPU.Build.0 = Debug|Any CPU
		{AE581F89-9758-48DC-B02B-8AE8B075883C}.Release|Any CPU.ActiveCfg = Release|Any CPU
		{AE581F89-9758-48DC-B02B-8AE8B075883C}.Release|Any CPU.Build.0 = Release|Any CPU
		{6ED3E002-B0E8-4957-8BEA-09B62629E7A9}.Debug|Any CPU.ActiveCfg = Debug|Any CPU
		{6ED3E002-B0E8-4957-8BEA-09B62629E7A9}.Debug|Any CPU.Build.0 = Debug|Any CPU
		{6ED3E002-B0E8-4957-8BEA-09B62629E7A9}.Release|Any CPU.ActiveCfg = Release|Any CPU
		{6ED3E002-B0E8-4957-8BEA-09B62629E7A9}.Release|Any CPU.Build.0 = Release|Any CPU
		{320197F7-031C-493A-9562-699706A07234}.Debug|Any CPU.ActiveCfg = Debug|Any CPU
		{320197F7-031C-493A-9562-699706A07234}.Debug|Any CPU.Build.0 = Debug|Any CPU
		{320197F7-031C-493A-9562-699706A07234}.Release|Any CPU.ActiveCfg = Release|Any CPU
		{320197F7-031C-493A-9562-699706A07234}.Release|Any CPU.Build.0 = Release|Any CPU
		{C2AEC6C2-9185-4EAB-A218-42A1D24670A9}.Debug|Any CPU.ActiveCfg = Debug|Any CPU
		{C2AEC6C2-9185-4EAB-A218-42A1D24670A9}.Debug|Any CPU.Build.0 = Debug|Any CPU
		{C2AEC6C2-9185-4EAB-A218-42A1D24670A9}.Release|Any CPU.ActiveCfg = Release|Any CPU
		{C2AEC6C2-9185-4EAB-A218-42A1D24670A9}.Release|Any CPU.Build.0 = Release|Any CPU
	EndGlobalSection
	GlobalSection(SolutionProperties) = preSolution
		HideSolutionNode = FALSE
	EndGlobalSection
	GlobalSection(ExtensibilityGlobals) = postSolution
		SolutionGuid = {BAFADCA4-FECC-417F-9CA2-8572F9B9C3C2}
	EndGlobalSection
	GlobalSection(NestedProjects) = preSolution
		{A965C126-8EC3-4C6F-B86B-638DF193DC07} = {11096420-F6D9-4F51-BFE6-6FE5A759FFB0}
		{1468ADF5-175D-452B-9FA1-9A5F659E9E05} = {11096420-F6D9-4F51-BFE6-6FE5A759FFB0}
		{F63B46F8-C69D-4C2E-ABE3-68C6360AD1A8} = {11096420-F6D9-4F51-BFE6-6FE5A759FFB0}
		{DF860144-7DB9-4A18-9065-AD27058A3276} = {11096420-F6D9-4F51-BFE6-6FE5A759FFB0}
		{1AEF5387-D329-421C-AB77-1D9A8205F91A} = {11096420-F6D9-4F51-BFE6-6FE5A759FFB0}
		{5766AF68-4ECA-482B-9C22-97245539D38D} = {34F1CE5A-24F8-4520-9DE2-9B5B46260234}
		{DB281A9C-3C52-4F8F-B2B2-0397998D6BB2} = {34F1CE5A-24F8-4520-9DE2-9B5B46260234}
		{798BC995-952F-4FFB-BE33-6A9E881813AD} = {34F1CE5A-24F8-4520-9DE2-9B5B46260234}
		{DB281A9C-3C52-4F8F-B2B2-0397998D6BB2} = {D59F7D1B-FC72-4479-AC06-9C149BAACB90}
		{731163E1-4FDA-4ED1-9A77-867D69F1754E} = {34F1CE5A-24F8-4520-9DE2-9B5B46260234}
		{6545D485-E953-40CA-8D49-1A5DFB62AD5C} = {34F1CE5A-24F8-4520-9DE2-9B5B46260234}
		{BDFA8032-92D0-4795-BCDC-7FF8DA40863A} = {34F1CE5A-24F8-4520-9DE2-9B5B46260234}
		{ACED4E0F-E296-49EB-9FDF-43CBAED2EE08} = {34F1CE5A-24F8-4520-9DE2-9B5B46260234}
		{F860D118-D17F-42DF-9C8A-5057D63D42D0} = {B5AD0E3F-CFFF-4DF7-B4D5-D5E7FDF1B68A}
		{AF75AFCF-C434-4048-9086-EB80D55829C1} = {B5AD0E3F-CFFF-4DF7-B4D5-D5E7FDF1B68A}
		{E57F88E9-C8C2-44EF-B654-A7DC4608FC13} = {B5AD0E3F-CFFF-4DF7-B4D5-D5E7FDF1B68A}
		{3337F5F6-C293-4947-A72C-A27EF3422B6F} = {B5AD0E3F-CFFF-4DF7-B4D5-D5E7FDF1B68A}
		{55597458-AA6C-4D28-A5A9-84819C7DE143} = {B5AD0E3F-CFFF-4DF7-B4D5-D5E7FDF1B68A}
		{C478BF55-2066-4FE0-B167-893CCE8BE391} = {B5AD0E3F-CFFF-4DF7-B4D5-D5E7FDF1B68A}
		{86A2B3FE-B91D-4197-8E40-A830FE0B3879} = {B5AD0E3F-CFFF-4DF7-B4D5-D5E7FDF1B68A}
		{AE581F89-9758-48DC-B02B-8AE8B075883C} = {B5AD0E3F-CFFF-4DF7-B4D5-D5E7FDF1B68A}
		{6ED3E002-B0E8-4957-8BEA-09B62629E7A9} = {B5AD0E3F-CFFF-4DF7-B4D5-D5E7FDF1B68A}
		{320197F7-031C-493A-9562-699706A07234} = {B5AD0E3F-CFFF-4DF7-B4D5-D5E7FDF1B68A}
		{C2AEC6C2-9185-4EAB-A218-42A1D24670A9} = {B5AD0E3F-CFFF-4DF7-B4D5-D5E7FDF1B68A}
	EndGlobalSection
EndGlobal
